
Microsoft Visual Studio Solution File, Format Version 12.00
Project("{FAE04EC0-301F-11D3-BF4B-00C04F79EFBC}") = "NET Exceptions", "NET Exceptions\NET Exceptions.csproj", "{3C028FA1-E65F-4E7F-8ED8-36BBC46A59D4}"
EndProject
Global
	GlobalSection(SolutionConfigurationPlatforms) = preSolution
		Debug|Any CPU = Debug|Any CPU
		Release|Any CPU = Release|Any CPU
	EndGlobalSection
	GlobalSection(ProjectConfigurationPlatforms) = postSolution
		{3C028FA1-E65F-4E7F-8ED8-36BBC46A59D4}.Debug|Any CPU.ActiveCfg = Debug|Any CPU
		{3C028FA1-E65F-4E7F-8ED8-36BBC46A59D4}.Debug|Any CPU.Build.0 = Debug|Any CPU
		{3C028FA1-E65F-4E7F-8ED8-36BBC46A59D4}.Release|Any CPU.ActiveCfg = Release|Any CPU
		{3C028FA1-E65F-4E7F-8ED8-36BBC46A59D4}.Release|Any CPU.Build.0 = Release|Any CPU
	EndGlobalSection
EndGlobal
